
Microsoft Visual Studio Solution File, Format Version 12.00
# Visual Studio Version 16
VisualStudioVersion = 16.0.30413.136
MinimumVisualStudioVersion = 15.0.26124.0
Project("{9A19103F-16F7-4668-BE54-9A1E7A4F7556}") = "ObjectOrientated.BadCode", "src\ObjectOrientated.BadCode\ObjectOrientated.BadCode.csproj", "{341391D5-CB42-4CCB-9C94-1992FFE18E3A}"
EndProject
Project("{9A19103F-16F7-4668-BE54-9A1E7A4F7556}") = "ObjectOrientated.Branching", "src\ObjectOrientated.Branching\ObjectOrientated.Branching.csproj", "{004F620A-D9A3-407F-936C-88645A405A8A}"
EndProject
Project("{9A19103F-16F7-4668-BE54-9A1E7A4F7556}") = "ObjectOrientated.Loops", "src\ObjectOrientated.Loops\ObjectOrientated.Loops.csproj", "{EBC02E86-EBBC-4DD9-BD16-9FF9DFB4BC22}"
EndProject
Project("{FAE04EC0-301F-11D3-BF4B-00C04F79EFBC}") = "ObjectOrientated.Collections", "src\ObjectOrientated.Collections\ObjectOrientated.Collections.csproj", "{CE5F7E8E-7339-48A2-97A4-B9D27372461D}"
EndProject
Global
	GlobalSection(SolutionConfigurationPlatforms) = preSolution
		Debug|Any CPU = Debug|Any CPU
		Debug|x64 = Debug|x64
		Debug|x86 = Debug|x86
		Release|Any CPU = Release|Any CPU
		Release|x64 = Release|x64
		Release|x86 = Release|x86
	EndGlobalSection
	GlobalSection(ProjectConfigurationPlatforms) = postSolution
		{341391D5-CB42-4CCB-9C94-1992FFE18E3A}.Debug|Any CPU.ActiveCfg = Debug|Any CPU
		{341391D5-CB42-4CCB-9C94-1992FFE18E3A}.Debug|Any CPU.Build.0 = Debug|Any CPU
		{341391D5-CB42-4CCB-9C94-1992FFE18E3A}.Debug|x64.ActiveCfg = Debug|Any CPU
		{341391D5-CB42-4CCB-9C94-1992FFE18E3A}.Debug|x64.Build.0 = Debug|Any CPU
		{341391D5-CB42-4CCB-9C94-1992FFE18E3A}.Debug|x86.ActiveCfg = Debug|Any CPU
		{341391D5-CB42-4CCB-9C94-1992FFE18E3A}.Debug|x86.Build.0 = Debug|Any CPU
		{341391D5-CB42-4CCB-9C94-1992FFE18E3A}.Release|Any CPU.ActiveCfg = Release|Any CPU
		{341391D5-CB42-4CCB-9C94-1992FFE18E3A}.Release|Any CPU.Build.0 = Release|Any CPU
		{341391D5-CB42-4CCB-9C94-1992FFE18E3A}.Release|x64.ActiveCfg = Release|Any CPU
		{341391D5-CB42-4CCB-9C94-1992FFE18E3A}.Release|x64.Build.0 = Release|Any CPU
		{341391D5-CB42-4CCB-9C94-1992FFE18E3A}.Release|x86.ActiveCfg = Release|Any CPU
		{341391D5-CB42-4CCB-9C94-1992FFE18E3A}.Release|x86.Build.0 = Release|Any CPU
		{004F620A-D9A3-407F-936C-88645A405A8A}.Debug|Any CPU.ActiveCfg = Debug|Any CPU
		{004F620A-D9A3-407F-936C-88645A405A8A}.Debug|Any CPU.Build.0 = Debug|Any CPU
		{004F620A-D9A3-407F-936C-88645A405A8A}.Debug|x64.ActiveCfg = Debug|Any CPU
		{004F620A-D9A3-407F-936C-88645A405A8A}.Debug|x64.Build.0 = Debug|Any CPU
		{004F620A-D9A3-407F-936C-88645A405A8A}.Debug|x86.ActiveCfg = Debug|Any CPU
		{004F620A-D9A3-407F-936C-88645A405A8A}.Debug|x86.Build.0 = Debug|Any CPU
		{004F620A-D9A3-407F-936C-88645A405A8A}.Release|Any CPU.ActiveCfg = Release|Any CPU
		{004F620A-D9A3-407F-936C-88645A405A8A}.Release|Any CPU.Build.0 = Release|Any CPU
		{004F620A-D9A3-407F-936C-88645A405A8A}.Release|x64.ActiveCfg = Release|Any CPU
		{004F620A-D9A3-407F-936C-88645A405A8A}.Release|x64.Build.0 = Release|Any CPU
		{004F620A-D9A3-407F-936C-88645A405A8A}.Release|x86.ActiveCfg = Release|Any CPU
		{004F620A-D9A3-407F-936C-88645A405A8A}.Release|x86.Build.0 = Release|Any CPU
		{EBC02E86-EBBC-4DD9-BD16-9FF9DFB4BC22}.Debug|Any CPU.ActiveCfg = Debug|Any CPU
		{EBC02E86-EBBC-4DD9-BD16-9FF9DFB4BC22}.Debug|Any CPU.Build.0 = Debug|Any CPU
		{EBC02E86-EBBC-4DD9-BD16-9FF9DFB4BC22}.Debug|x64.ActiveCfg = Debug|Any CPU
		{EBC02E86-EBBC-4DD9-BD16-9FF9DFB4BC22}.Debug|x64.Build.0 = Debug|Any CPU
		{EBC02E86-EBBC-4DD9-BD16-9FF9DFB4BC22}.Debug|x86.ActiveCfg = Debug|Any CPU
		{EBC02E86-EBBC-4DD9-BD16-9FF9DFB4BC22}.Debug|x86.Build.0 = Debug|Any CPU
		{EBC02E86-EBBC-4DD9-BD16-9FF9DFB4BC22}.Release|Any CPU.ActiveCfg = Release|Any CPU
		{EBC02E86-EBBC-4DD9-BD16-9FF9DFB4BC22}.Release|Any CPU.Build.0 = Release|Any CPU
		{EBC02E86-EBBC-4DD9-BD16-9FF9DFB4BC22}.Release|x64.ActiveCfg = Release|Any CPU
		{EBC02E86-EBBC-4DD9-BD16-9FF9DFB4BC22}.Release|x64.Build.0 = Release|Any CPU
		{EBC02E86-EBBC-4DD9-BD16-9FF9DFB4BC22}.Release|x86.ActiveCfg = Release|Any CPU
		{EBC02E86-EBBC-4DD9-BD16-9FF9DFB4BC22}.Release|x86.Build.0 = Release|Any CPU
		{CE5F7E8E-7339-48A2-97A4-B9D27372461D}.Debug|Any CPU.ActiveCfg = Debug|Any CPU
		{CE5F7E8E-7339-48A2-97A4-B9D27372461D}.Debug|Any CPU.Build.0 = Debug|Any CPU
		{CE5F7E8E-7339-48A2-97A4-B9D27372461D}.Debug|x64.ActiveCfg = Debug|Any CPU
		{CE5F7E8E-7339-48A2-97A4-B9D27372461D}.Debug|x64.Build.0 = Debug|Any CPU
		{CE5F7E8E-7339-48A2-97A4-B9D27372461D}.Debug|x86.ActiveCfg = Debug|Any CPU
		{CE5F7E8E-7339-48A2-97A4-B9D27372461D}.Debug|x86.Build.0 = Debug|Any CPU
		{CE5F7E8E-7339-48A2-97A4-B9D27372461D}.Release|Any CPU.ActiveCfg = Release|Any CPU
		{CE5F7E8E-7339-48A2-97A4-B9D27372461D}.Release|Any CPU.Build.0 = Release|Any CPU
		{CE5F7E8E-7339-48A2-97A4-B9D27372461D}.Release|x64.ActiveCfg = Release|Any CPU
		{CE5F7E8E-7339-48A2-97A4-B9D27372461D}.Release|x64.Build.0 = Release|Any CPU
		{CE5F7E8E-7339-48A2-97A4-B9D27372461D}.Release|x86.ActiveCfg = Release|Any CPU
		{CE5F7E8E-7339-48A2-97A4-B9D27372461D}.Release|x86.Build.0 = Release|Any CPU
	EndGlobalSection
	GlobalSection(SolutionProperties) = preSolution
		HideSolutionNode = FALSE
	EndGlobalSection
	GlobalSection(ExtensibilityGlobals) = postSolution
		SolutionGuid = {AAA4A183-8BA3-4284-8B25-61787425C005}
	EndGlobalSection
EndGlobal
